
Microsoft Visual Studio Solution File, Format Version 12.00
# Visual Studio Version 16
VisualStudioVersion = 16.0.31005.135
MinimumVisualStudioVersion = 10.0.40219.1
Project("{FAE04EC0-301F-11D3-BF4B-00C04F79EFBC}") = "ApiCatalogoJogos", "ApiCatalogoJogos.csproj", "{7B56DA12-0E61-488B-972D-F32CC58C6869}"
EndProject
Global
	GlobalSection(SolutionConfigurationPlatforms) = preSolution
		Debug|Any CPU = Debug|Any CPU
		Release|Any CPU = Release|Any CPU
	EndGlobalSection
	GlobalSection(ProjectConfigurationPlatforms) = postSolution
		{7B56DA12-0E61-488B-972D-F32CC58C6869}.Debug|Any CPU.ActiveCfg = Debug|Any CPU
		{7B56DA12-0E61-488B-972D-F32CC58C6869}.Debug|Any CPU.Build.0 = Debug|Any CPU
		{7B56DA12-0E61-488B-972D-F32CC58C6869}.Release|Any CPU.ActiveCfg = Release|Any CPU
		{7B56DA12-0E61-488B-972D-F32CC58C6869}.Release|Any CPU.Build.0 = Release|Any CPU
	EndGlobalSection
	GlobalSection(SolutionProperties) = preSolution
		HideSolutionNode = FALSE
	EndGlobalSection
	GlobalSection(ExtensibilityGlobals) = postSolution
		SolutionGuid = {921B26B1-429E-4421-AFDD-A654020E5FCF}
	EndGlobalSection
EndGlobal
